
Microsoft Visual Studio Solution File, Format Version 12.00
# Visual Studio Version 17
VisualStudioVersion = 17.4.33403.182
MinimumVisualStudioVersion = 10.0.40219.1
Project("{FAE04EC0-301F-11D3-BF4B-00C04F79EFBC}") = "Agsoft.Backend", "Agsoft.Backend\Agsoft.Backend.csproj", "{9DB51284-301B-4FB8-9989-1292AE0B6060}"
EndProject
Project("{FAE04EC0-301F-11D3-BF4B-00C04F79EFBC}") = "Agsoft.Frontend", "Agsoft.Frontend\Agsoft.Frontend.csproj", "{DD8CBED6-B937-4357-8182-970CDB632425}"
EndProject
Project("{FAE04EC0-301F-11D3-BF4B-00C04F79EFBC}") = "Agsoft.Shared", "Agsoft.Shared\Agsoft.Shared.csproj", "{78EA6D79-3FC7-4417-B52A-77752F56CAAD}"
EndProject
Project("{FAE04EC0-301F-11D3-BF4B-00C04F79EFBC}") = "Agsoft.Tests", "Agsoft.Tests\Agsoft.Tests.csproj", "{ADFF9803-9146-46DA-AE37-69C01F19EBBB}"
EndProject
Global
	GlobalSection(SolutionConfigurationPlatforms) = preSolution
		Debug|Any CPU = Debug|Any CPU
		Release|Any CPU = Release|Any CPU
	EndGlobalSection
	GlobalSection(ProjectConfigurationPlatforms) = postSolution
		{9DB51284-301B-4FB8-9989-1292AE0B6060}.Debug|Any CPU.ActiveCfg = Debug|Any CPU
		{9DB51284-301B-4FB8-9989-1292AE0B6060}.Debug|Any CPU.Build.0 = Debug|Any CPU
		{9DB51284-301B-4FB8-9989-1292AE0B6060}.Release|Any CPU.ActiveCfg = Release|Any CPU
		{9DB51284-301B-4FB8-9989-1292AE0B6060}.Release|Any CPU.Build.0 = Release|Any CPU
		{DD8CBED6-B937-4357-8182-970CDB632425}.Debug|Any CPU.ActiveCfg = Debug|Any CPU
		{DD8CBED6-B937-4357-8182-970CDB632425}.Debug|Any CPU.Build.0 = Debug|Any CPU
		{DD8CBED6-B937-4357-8182-970CDB632425}.Release|Any CPU.ActiveCfg = Release|Any CPU
		{DD8CBED6-B937-4357-8182-970CDB632425}.Release|Any CPU.Build.0 = Release|Any CPU
		{78EA6D79-3FC7-4417-B52A-77752F56CAAD}.Debug|Any CPU.ActiveCfg = Debug|Any CPU
		{78EA6D79-3FC7-4417-B52A-77752F56CAAD}.Debug|Any CPU.Build.0 = Debug|Any CPU
		{78EA6D79-3FC7-4417-B52A-77752F56CAAD}.Release|Any CPU.ActiveCfg = Release|Any CPU
		{78EA6D79-3FC7-4417-B52A-77752F56CAAD}.Release|Any CPU.Build.0 = Release|Any CPU
		{ADFF9803-9146-46DA-AE37-69C01F19EBBB}.Debug|Any CPU.ActiveCfg = Debug|Any CPU
		{ADFF9803-9146-46DA-AE37-69C01F19EBBB}.Debug|Any CPU.Build.0 = Debug|Any CPU
		{ADFF9803-9146-46DA-AE37-69C01F19EBBB}.Release|Any CPU.ActiveCfg = Release|Any CPU
		{ADFF9803-9146-46DA-AE37-69C01F19EBBB}.Release|Any CPU.Build.0 = Release|Any CPU
	EndGlobalSection
	GlobalSection(SolutionProperties) = preSolution
		HideSolutionNode = FALSE
	EndGlobalSection
	GlobalSection(ExtensibilityGlobals) = postSolution
		SolutionGuid = {82FD7B4A-0D3C-411C-999E-050CD3471D35}
	EndGlobalSection
EndGlobal
